
Microsoft Visual Studio Solution File, Format Version 12.00
# Visual Studio Version 16
VisualStudioVersion = 16.0.29424.173
MinimumVisualStudioVersion = 10.0.40219.1
Project("{888888A0-9F3D-457C-B088-3A5042F75D52}") = "ArticlesProc", "ArticlesProc\ArticlesProc.pyproj", "{1AC5C575-5513-4E1D-821F-78CCE48139E7}"
EndProject
Global
	GlobalSection(SolutionConfigurationPlatforms) = preSolution
		Debug|Any CPU = Debug|Any CPU
		Release|Any CPU = Release|Any CPU
	EndGlobalSection
	GlobalSection(ProjectConfigurationPlatforms) = postSolution
		{1AC5C575-5513-4E1D-821F-78CCE48139E7}.Debug|Any CPU.ActiveCfg = Debug|Any CPU
		{1AC5C575-5513-4E1D-821F-78CCE48139E7}.Release|Any CPU.ActiveCfg = Release|Any CPU
	EndGlobalSection
	GlobalSection(SolutionProperties) = preSolution
		HideSolutionNode = FALSE
	EndGlobalSection
	GlobalSection(ExtensibilityGlobals) = postSolution
		SolutionGuid = {99E3FCFE-8428-43E8-9E14-D48B43BA5E07}
	EndGlobalSection
EndGlobal
